
Microsoft Visual Studio Solution File, Format Version 12.00
# Visual Studio Version 17
VisualStudioVersion = 17.1.32319.34
MinimumVisualStudioVersion = 10.0.40219.1
Project("{9A19103F-16F7-4668-BE54-9A1E7A4F7556}") = "FV8H3R_HFT_2021221.Client", "FV8H3R_HFT_2021221.Client\FV8H3R_HFT_2021221.Client.csproj", "{6089742E-9F0C-40D8-8730-79EF7A659BA8}"
EndProject
Project("{9A19103F-16F7-4668-BE54-9A1E7A4F7556}") = "FV8H3R_HFT_2021221.Models", "FV8H3R_HFT_2021221.Models\FV8H3R_HFT_2021221.Models.csproj", "{31F2AE0F-FA85-412A-B446-31584609A922}"
EndProject
Project("{9A19103F-16F7-4668-BE54-9A1E7A4F7556}") = "FV8H3R_HFT_2021221.Data", "FV8H3R_HFT_2021221.Data\FV8H3R_HFT_2021221.Data.csproj", "{FD5F762F-9F69-4C34-9EFC-6D1508279913}"
EndProject
Project("{9A19103F-16F7-4668-BE54-9A1E7A4F7556}") = "FV8H3R_HFT_2021221.Logic", "FV8H3R_HFT_2021221.Logic\FV8H3R_HFT_2021221.Logic.csproj", "{0E6F343F-4248-4753-B6BD-AA0BA2F72606}"
EndProject
Project("{9A19103F-16F7-4668-BE54-9A1E7A4F7556}") = "FV8H3R_HFT_2021221.Repository", "FV8H3R_HFT_2021221.Repository\FV8H3R_HFT_2021221.Repository.csproj", "{753026AC-CF47-4373-A1D6-78540318C63F}"
EndProject
Project("{9A19103F-16F7-4668-BE54-9A1E7A4F7556}") = "FV8H3R_HFT_2021221.Endpoint", "FV8H3R_HFT_2021221.Endpoint\FV8H3R_HFT_2021221.Endpoint.csproj", "{F5AF6576-E5DE-41A3-84A2-F06EBFD5AA5A}"
EndProject
Project("{9A19103F-16F7-4668-BE54-9A1E7A4F7556}") = "FV8H3R_HFT_2021221.Test", "FV8H3R_HFT_2021221.Test\FV8H3R_HFT_2021221.Test.csproj", "{167040DD-52E6-44DC-ACC9-193A6079A133}"
EndProject
Project("{2150E333-8FDC-42A3-9474-1A3956D46DE8}") = "Backend", "Backend", "{0417D084-9A58-46AB-83E1-C7151821952D}"
EndProject
Project("{2150E333-8FDC-42A3-9474-1A3956D46DE8}") = "Frontend", "Frontend", "{881FEB27-6A2D-4D60-B8E7-D93624F0F92F}"
EndProject
Project("{2150E333-8FDC-42A3-9474-1A3956D46DE8}") = "Shared", "Shared", "{BE2AAE03-947B-4A12-93C8-A82773872C72}"
EndProject
Project("{2150E333-8FDC-42A3-9474-1A3956D46DE8}") = "Solution Items", "Solution Items", "{0AFA55D2-A2AC-47C3-90ED-7A13DE19C074}"
	ProjectSection(SolutionItems) = preProject
		.gitignore = .gitignore
	EndProjectSection
EndProject
Project("{2150E333-8FDC-42A3-9474-1A3956D46DE8}") = "Others", "Others", "{42E50B24-BE96-49E1-9986-2E9E38CFFCEB}"
	ProjectSection(SolutionItems) = preProject
		.gitignore = .gitignore
	EndProjectSection
EndProject
Project("{9A19103F-16F7-4668-BE54-9A1E7A4F7556}") = "FV8H3R_HFT_2021221.WpfClient", "FV8H3R_HFT_2021221.WpfClient\FV8H3R_HFT_2021221.WpfClient.csproj", "{D6908116-3625-438F-B2C0-05665526224F}"
EndProject
Project("{FAE04EC0-301F-11D3-BF4B-00C04F79EFBC}") = "FV8H3R_HFT_2021221.JsClient", "FV8H3R_HFT_2021221.JsClient\FV8H3R_HFT_2021221.JsClient.csproj", "{550136CD-F91C-4828-92CC-7A79299279E1}"
EndProject
Global
	GlobalSection(SolutionConfigurationPlatforms) = preSolution
		Debug|Any CPU = Debug|Any CPU
		Release|Any CPU = Release|Any CPU
	EndGlobalSection
	GlobalSection(ProjectConfigurationPlatforms) = postSolution
		{6089742E-9F0C-40D8-8730-79EF7A659BA8}.Debug|Any CPU.ActiveCfg = Debug|Any CPU
		{6089742E-9F0C-40D8-8730-79EF7A659BA8}.Debug|Any CPU.Build.0 = Debug|Any CPU
		{6089742E-9F0C-40D8-8730-79EF7A659BA8}.Release|Any CPU.ActiveCfg = Release|Any CPU
		{6089742E-9F0C-40D8-8730-79EF7A659BA8}.Release|Any CPU.Build.0 = Release|Any CPU
		{31F2AE0F-FA85-412A-B446-31584609A922}.Debug|Any CPU.ActiveCfg = Debug|Any CPU
		{31F2AE0F-FA85-412A-B446-31584609A922}.Debug|Any CPU.Build.0 = Debug|Any CPU
		{31F2AE0F-FA85-412A-B446-31584609A922}.Release|Any CPU.ActiveCfg = Release|Any CPU
		{31F2AE0F-FA85-412A-B446-31584609A922}.Release|Any CPU.Build.0 = Release|Any CPU
		{FD5F762F-9F69-4C34-9EFC-6D1508279913}.Debug|Any CPU.ActiveCfg = Debug|Any CPU
		{FD5F762F-9F69-4C34-9EFC-6D1508279913}.Debug|Any CPU.Build.0 = Debug|Any CPU
		{FD5F762F-9F69-4C34-9EFC-6D1508279913}.Release|Any CPU.ActiveCfg = Release|Any CPU
		{FD5F762F-9F69-4C34-9EFC-6D1508279913}.Release|Any CPU.Build.0 = Release|Any CPU
		{0E6F343F-4248-4753-B6BD-AA0BA2F72606}.Debug|Any CPU.ActiveCfg = Debug|Any CPU
		{0E6F343F-4248-4753-B6BD-AA0BA2F72606}.Debug|Any CPU.Build.0 = Debug|Any CPU
		{0E6F343F-4248-4753-B6BD-AA0BA2F72606}.Release|Any CPU.ActiveCfg = Release|Any CPU
		{0E6F343F-4248-4753-B6BD-AA0BA2F72606}.Release|Any CPU.Build.0 = Release|Any CPU
		{753026AC-CF47-4373-A1D6-78540318C63F}.Debug|Any CPU.ActiveCfg = Debug|Any CPU
		{753026AC-CF47-4373-A1D6-78540318C63F}.Debug|Any CPU.Build.0 = Debug|Any CPU
		{753026AC-CF47-4373-A1D6-78540318C63F}.Release|Any CPU.ActiveCfg = Release|Any CPU
		{753026AC-CF47-4373-A1D6-78540318C63F}.Release|Any CPU.Build.0 = Release|Any CPU
		{F5AF6576-E5DE-41A3-84A2-F06EBFD5AA5A}.Debug|Any CPU.ActiveCfg = Debug|Any CPU
		{F5AF6576-E5DE-41A3-84A2-F06EBFD5AA5A}.Debug|Any CPU.Build.0 = Debug|Any CPU
		{F5AF6576-E5DE-41A3-84A2-F06EBFD5AA5A}.Release|Any CPU.ActiveCfg = Release|Any CPU
		{F5AF6576-E5DE-41A3-84A2-F06EBFD5AA5A}.Release|Any CPU.Build.0 = Release|Any CPU
		{167040DD-52E6-44DC-ACC9-193A6079A133}.Debug|Any CPU.ActiveCfg = Debug|Any CPU
		{167040DD-52E6-44DC-ACC9-193A6079A133}.Debug|Any CPU.Build.0 = Debug|Any CPU
		{167040DD-52E6-44DC-ACC9-193A6079A133}.Release|Any CPU.ActiveCfg = Release|Any CPU
		{167040DD-52E6-44DC-ACC9-193A6079A133}.Release|Any CPU.Build.0 = Release|Any CPU
		{D6908116-3625-438F-B2C0-05665526224F}.Debug|Any CPU.ActiveCfg = Debug|Any CPU
		{D6908116-3625-438F-B2C0-05665526224F}.Debug|Any CPU.Build.0 = Debug|Any CPU
		{D6908116-3625-438F-B2C0-05665526224F}.Release|Any CPU.ActiveCfg = Release|Any CPU
		{D6908116-3625-438F-B2C0-05665526224F}.Release|Any CPU.Build.0 = Release|Any CPU
		{550136CD-F91C-4828-92CC-7A79299279E1}.Debug|Any CPU.ActiveCfg = Debug|Any CPU
		{550136CD-F91C-4828-92CC-7A79299279E1}.Debug|Any CPU.Build.0 = Debug|Any CPU
		{550136CD-F91C-4828-92CC-7A79299279E1}.Release|Any CPU.ActiveCfg = Release|Any CPU
		{550136CD-F91C-4828-92CC-7A79299279E1}.Release|Any CPU.Build.0 = Release|Any CPU
	EndGlobalSection
	GlobalSection(SolutionProperties) = preSolution
		HideSolutionNode = FALSE
	EndGlobalSection
	GlobalSection(NestedProjects) = preSolution
		{6089742E-9F0C-40D8-8730-79EF7A659BA8} = {881FEB27-6A2D-4D60-B8E7-D93624F0F92F}
		{31F2AE0F-FA85-412A-B446-31584609A922} = {BE2AAE03-947B-4A12-93C8-A82773872C72}
		{FD5F762F-9F69-4C34-9EFC-6D1508279913} = {0417D084-9A58-46AB-83E1-C7151821952D}
		{0E6F343F-4248-4753-B6BD-AA0BA2F72606} = {0417D084-9A58-46AB-83E1-C7151821952D}
		{753026AC-CF47-4373-A1D6-78540318C63F} = {0417D084-9A58-46AB-83E1-C7151821952D}
		{F5AF6576-E5DE-41A3-84A2-F06EBFD5AA5A} = {0417D084-9A58-46AB-83E1-C7151821952D}
		{167040DD-52E6-44DC-ACC9-193A6079A133} = {0417D084-9A58-46AB-83E1-C7151821952D}
	EndGlobalSection
	GlobalSection(ExtensibilityGlobals) = postSolution
		SolutionGuid = {183E41C7-384E-4AAA-A9AB-6A7D9B983B91}
	EndGlobalSection
EndGlobal
